
Microsoft Visual Studio Solution File, Format Version 11.00
# Visual Studio 2010
Project("{F184B08F-C81C-45F6-A57F-5ABD9991F28F}") = "082514FlappyBlock", "082514FlappyBlock\082514FlappyBlock.vbproj", "{191022E8-A87C-4A12-845B-965B2C8E44FD}"
EndProject
Project("{54435603-DBB4-11D2-8724-00A0C9A8B90C}") = "Installer", "Installer\Installer.vdproj", "{BED1CF9F-01E9-43F0-B460-242AD910D39F}"
EndProject
Global
	GlobalSection(SolutionConfigurationPlatforms) = preSolution
		Debug|x86 = Debug|x86
		Release|x86 = Release|x86
	EndGlobalSection
	GlobalSection(ProjectConfigurationPlatforms) = postSolution
		{191022E8-A87C-4A12-845B-965B2C8E44FD}.Debug|x86.ActiveCfg = Debug|x86
		{191022E8-A87C-4A12-845B-965B2C8E44FD}.Debug|x86.Build.0 = Debug|x86
		{191022E8-A87C-4A12-845B-965B2C8E44FD}.Release|x86.ActiveCfg = Release|x86
		{191022E8-A87C-4A12-845B-965B2C8E44FD}.Release|x86.Build.0 = Release|x86
		{BED1CF9F-01E9-43F0-B460-242AD910D39F}.Debug|x86.ActiveCfg = Debug
		{BED1CF9F-01E9-43F0-B460-242AD910D39F}.Release|x86.ActiveCfg = Release
	EndGlobalSection
	GlobalSection(SolutionProperties) = preSolution
		HideSolutionNode = FALSE
	EndGlobalSection
EndGlobal
